<?xml version="1.0" encoding="utf-8"?>
<Project ToolsVersion="4.0" xmlns="http://schemas.microsoft.com/developer/msbuild/2003">
  <ItemGroup>
    <Filter Include="Source Files">
      <UniqueIdentifier>{4FC737F1-C7A5-4376-A066-2A32D752A2FF}</UniqueIdentifier>
      <Extensions>cpp;c;cc;cxx;def;odl;idl;hpj;bat;asm;asmx</Extensions>
    </Filter>
    <Filter Include="Header Files">
      <UniqueIdentifier>{93995380-89BD-4b04-88EB-625FBE52EBFB}</UniqueIdentifier>
      <Extensions>h;hh;hpp;hxx;hm;inl;inc;xsd</Extensions>
    </Filter>
    <Filter Include="Resource Files">
      <UniqueIdentifier>{67DA6AB6-F800-4c08-8B7A-83BB121AAD01}</UniqueIdentifier>
      <Extensions>rc;ico;cur;bmp;dlg;rc2;rct;bin;rgs;gif;jpg;jpeg;jpe;resx;tiff;tif;png;wav;mfcribbon-ms</Extensions>
    </Filter>
    <Filter Include="Header Files\HbShader">
      <UniqueIdentifier>{9d6cdc78-f5c1-40dd-bc5e-428c83bc9982}</UniqueIdentifier>
    </Filter>
    <Filter Include="Source Files\HbShader">
      <UniqueIdentifier>{136e19d9-6b79-4b67-866e-2b319a1f2508}</UniqueIdentifier>
    </Filter>
  </ItemGroup>
  <ItemGroup>
    <ClInclude Include="HbCommon.h">
      <Filter>Header Files</Filter>
    </ClInclude>
    <ClInclude Include="HbPlatform.h">
      <Filter>Header Files</Filter>
    </ClInclude>
    <ClInclude Include="HbFeedback.h">
      <Filter>Header Files</Filter>
    </ClInclude>
    <ClInclude Include="HbText.h">
      <Filter>Header Files</Filter>
    </ClInclude>
    <ClInclude Include="HbCore.h">
      <Filter>Header Files</Filter>
    </ClInclude>
    <ClInclude Include="HbGPU.h">
      <Filter>Header Files</Filter>
    </ClInclude>
    <ClInclude Include="HbGPUi_D3D.h">
      <Filter>Header Files</Filter>
    </ClInclude>
    <ClInclude Include="HbBit.h">
      <Filter>Header Files</Filter>
    </ClInclude>
    <ClInclude Include="HbParallel.h">
      <Filter>Header Files</Filter>
    </ClInclude>
    <ClInclude Include="HbMemory.h">
      <Filter>Header Files</Filter>
    </ClInclude>
    <ClInclude Include="HbMath.h">
      <Filter>Header Files</Filter>
    </ClInclude>
    <ClInclude Include="HbShader.h">
      <Filter>Header Files</Filter>
    </ClInclude>
    <ClInclude Include="HbHash.h">
      <Filter>Header Files</Filter>
    </ClInclude>
    <ClInclude Include="HbPack.h">
      <Filter>Header Files</Filter>
    </ClInclude>
    <ClInclude Include="HbFile.h">
      <Filter>Header Files</Filter>
    </ClInclude>
    <ClInclude Include="HbFile_IQM.h">
      <Filter>Header Files</Filter>
    </ClInclude>
    <ClInclude Include="HbLoad.h">
      <Filter>Header Files</Filter>
    </ClInclude>
  </ItemGroup>
  <ItemGroup>
    <ClCompile Include="HbPlatform_Windows.c">
      <Filter>Source Files</Filter>
    </ClCompile>
    <ClCompile Include="HbFeedback.c">
      <Filter>Source Files</Filter>
    </ClCompile>
    <ClCompile Include="HbText.c">
      <Filter>Source Files</Filter>
    </ClCompile>
    <ClCompile Include="HbCore.c">
      <Filter>Source Files</Filter>
    </ClCompile>
    <ClCompile Include="HbGPUi_D3D.c">
      <Filter>Source Files</Filter>
    </ClCompile>
    <ClCompile Include="HbGPUi_D3D_CmdList.c">
      <Filter>Source Files</Filter>
    </ClCompile>
    <ClCompile Include="HbGPU.c">
      <Filter>Source Files</Filter>
    </ClCompile>
    <ClCompile Include="HbParallel.c">
      <Filter>Source Files</Filter>
    </ClCompile>
    <ClCompile Include="HbMemory.c">
      <Filter>Source Files</Filter>
    </ClCompile>
    <ClCompile Include="HbMath.c">
      <Filter>Source Files</Filter>
    </ClCompile>
    <ClCompile Include="HbShader.c">
      <Filter>Source Files</Filter>
    </ClCompile>
    <ClCompile Include="HbPack.c">
      <Filter>Source Files</Filter>
    </ClCompile>
    <ClCompile Include="HbHash.c">
      <Filter>Source Files</Filter>
    </ClCompile>
    <ClCompile Include="HbFile.c">
      <Filter>Source Files</Filter>
    </ClCompile>
    <ClCompile Include="HbLoad_GPUCopier.c">
      <Filter>Source Files</Filter>
    </ClCompile>
  </ItemGroup>
  <ItemGroup>
    <FxCompile Include="HbShader\HbShader_FullScreenVS.hlsl">
      <Filter>Source Files\HbShader</Filter>
    </FxCompile>
    <FxCompile Include="HbShader\HbShader_FullScreenTexCoordVS.hlsl">
      <Filter>Source Files\HbShader</Filter>
    </FxCompile>
  </ItemGroup>
</Project>